
Microsoft Visual Studio Solution File, Format Version 12.00
# Visual Studio Version 17
VisualStudioVersion = 17.4.33213.308
MinimumVisualStudioVersion = 10.0.40219.1
Project("{FAE04EC0-301F-11D3-BF4B-00C04F79EFBC}") = "Bookstore", "Bookstore\Bookstore.csproj", "{5661CE07-84F8-4972-AA02-1859E8BA0597}"
EndProject
Global
	GlobalSection(SolutionConfigurationPlatforms) = preSolution
		Debug|Any CPU = Debug|Any CPU
		Release|Any CPU = Release|Any CPU
	EndGlobalSection
	GlobalSection(ProjectConfigurationPlatforms) = postSolution
		{5661CE07-84F8-4972-AA02-1859E8BA0597}.Debug|Any CPU.ActiveCfg = Debug|Any CPU
		{5661CE07-84F8-4972-AA02-1859E8BA0597}.Debug|Any CPU.Build.0 = Debug|Any CPU
		{5661CE07-84F8-4972-AA02-1859E8BA0597}.Release|Any CPU.ActiveCfg = Release|Any CPU
		{5661CE07-84F8-4972-AA02-1859E8BA0597}.Release|Any CPU.Build.0 = Release|Any CPU
	EndGlobalSection
	GlobalSection(SolutionProperties) = preSolution
		HideSolutionNode = FALSE
	EndGlobalSection
	GlobalSection(ExtensibilityGlobals) = postSolution
		SolutionGuid = {878D2ED4-02C1-47D9-AE11-1198DFE6EEF6}
	EndGlobalSection
EndGlobal
